{
    "name": "@spider-rulegen/app-inject",
    "version": "0.0.0",
    "lockfileVersion": 1,
    "requires": true,
    "dependencies": {
        "v-click-outside": {
            "version": "3.1.2",
            "resolved": "https://registry.npm.taobao.org/v-click-outside/download/v-click-outside-3.1.2.tgz",
            "integrity": "sha1-HbqhS/CaIb0W8jo48Dv6OYj3EoE="
        },
        "vue": {
            "version": "2.6.12"
        },
        "vuex": {
            "version": "3.5.1"
        }
    }
}
